{
  "version": 4,
  "terraform_version": "0.12.14",
  "serial": 8,
  "lineage": "a8407eb7-e244-e50b-80a1-ebc6da14c413",
  "outputs": {},
  "resources": [
    {
      "mode": "data",
      "type": "azurerm_subscription",
      "name": "primary",
      "provider": "provider.azurerm",
      "instances": [
        {
          "schema_version": 0,
          "attributes": {
            "display_name": "AzureDemos",
            "id": "/subscriptions/8e81fc0c-beaa-4b63-b411-b1c58d54d06b",
            "location_placement_id": "Public_2014-09-01",
            "quota_id": "PayAsYouGo_2014-09-01",
            "spending_limit": "Off",
            "state": "Enabled",
            "subscription_id": "8e81fc0c-beaa-4b63-b411-b1c58d54d06b",
            "tenant_id": "d5a3e800-d309-4a45-9963-954ea105191e",
            "timeouts": null
          }
        }
      ]
    },
    {
      "mode": "managed",
      "type": "azurerm_resource_group",
      "name": "testterr1",
      "provider": "provider.azurerm",
      "instances": [
        {
          "schema_version": 0,
          "attributes": {
            "id": "/subscriptions/8e81fc0c-beaa-4b63-b411-b1c58d54d06b/resourceGroups/testterr1",
            "location": "centralus",
            "name": "testterr1",
            "tags": {
              "environment": "Production"
            }
          },
          "private": "bnVsbA=="
        }
      ]
    },
    {
      "mode": "managed",
      "type": "azurerm_resource_group",
      "name": "testterr2",
      "provider": "provider.azurerm",
      "instances": [
        {
          "schema_version": 0,
          "attributes": {
            "id": "/subscriptions/8e81fc0c-beaa-4b63-b411-b1c58d54d06b/resourceGroups/testterr2",
            "location": "centralus",
            "name": "testterr2",
            "tags": {
              "environment": "Production"
            }
          },
          "private": "bnVsbA=="
        }
      ]
    },
    {
      "mode": "managed",
      "type": "azurerm_role_assignment",
      "name": "test",
      "provider": "provider.azurerm",
      "instances": [
        {
          "schema_version": 0,
          "attributes": {
            "id": "/subscriptions/8e81fc0c-beaa-4b63-b411-b1c58d54d06b/resourceGroups/testterr1/providers/Microsoft.Authorization/roleAssignments/e823f16e-59de-29cc-a6fd-9cee1e20087f",
            "name": "e823f16e-59de-29cc-a6fd-9cee1e20087f",
            "principal_id": "7de9f602-70e7-44f1-b961-fa1ced21b807",
            "principal_type": "Group",
            "role_definition_id": "/subscriptions/8e81fc0c-beaa-4b63-b411-b1c58d54d06b/providers/Microsoft.Authorization/roleDefinitions/b24988ac-6180-42a0-ab88-20f7382dd24c",
            "role_definition_name": "Contributor",
            "scope": "/subscriptions/8e81fc0c-beaa-4b63-b411-b1c58d54d06b/resourceGroups/testterr1",
            "skip_service_principal_aad_check": null
          },
          "private": "bnVsbA==",
          "dependencies": [
            "azurerm_resource_group.testterr1"
          ]
        }
      ]
    },
    {
      "mode": "managed",
      "type": "azurerm_role_assignment",
      "name": "test2",
      "provider": "provider.azurerm",
      "instances": [
        {
          "schema_version": 0,
          "attributes": {
            "id": "/subscriptions/8e81fc0c-beaa-4b63-b411-b1c58d54d06b/resourceGroups/testterr2/providers/Microsoft.Authorization/roleAssignments/abda5dc9-7adc-ba33-d15b-9fda299a932c",
            "name": "abda5dc9-7adc-ba33-d15b-9fda299a932c",
            "principal_id": "7de9f602-70e7-44f1-b961-fa1ced21b807",
            "principal_type": "Group",
            "role_definition_id": "/subscriptions/8e81fc0c-beaa-4b63-b411-b1c58d54d06b/providers/Microsoft.Authorization/roleDefinitions/b24988ac-6180-42a0-ab88-20f7382dd24c",
            "role_definition_name": "Contributor",
            "scope": "/subscriptions/8e81fc0c-beaa-4b63-b411-b1c58d54d06b/resourceGroups/testterr2",
            "skip_service_principal_aad_check": null
          },
          "private": "bnVsbA==",
          "dependencies": [
            "azurerm_resource_group.testterr2"
          ]
        }
      ]
    }
  ]
}
